dependencies:
- name: notification-service
  repository: file://../charts/notification-service
  version: 0.1.0
- name: postgres
  repository: file://../charts/postgres
  version: 0.1.0
- name: account-service
  repository: file://../charts/account-service
  version: 0.1.0
- name: cash-service
  repository: file://../charts/cash-service
  version: 0.1.0
- name: gateway-service
  repository: file://../charts/gateway-service
  version: 0.1.0
- name: exchange-service
  repository: file://../charts/exchange-service
  version: 0.1.0
- name: exchange-generator
  repository: file://../charts/exchange-generator
  version: 0.1.0
- name: transfer-service
  repository: file://../charts/transfer-service
  version: 0.1.0
- name: kaffka-service
  repository: file://../charts/kaffka-service
  version: 0.1.0
digest: sha256:c460bb2978c407a7e307bb49270a953bd1559c39afdeb8859db2d05f79f0e3f7
generated: "2025-12-07T13:17:39.7390126+05:00"
